// !$*UTF8*$!
{
	archiveVersion = 1;
	classes = {
	};
	objectVersion = 46;
	objects = {

/* Begin PBXBuildFile section */
		21421F491EBA362F00B4B4A3 /* main.m in Sources */ = {isa = PBXBuildFile; fileRef = 21421F481EBA362F00B4B4A3 /* main.m */; };
		21421F4C1EBA362F00B4B4A3 /* AppDelegate.m in Sources */ = {isa = PBXBuildFile; fileRef = 21421F4B1EBA362F00B4B4A3 /* AppDelegate.m */; };
		21421F4F1EBA362F00B4B4A3 /* ViewController.m in Sources */ = {isa = PBXBuildFile; fileRef = 21421F4E1EBA362F00B4B4A3 /* ViewController.m */; };
		21421F521EBA362F00B4B4A3 /* Main.storyboard in Resources */ = {isa = PBXBuildFile; fileRef = 21421F501EBA362F00B4B4A3 /* Main.storyboard */; };
		21421F541EBA362F00B4B4A3 /* Assets.xcassets in Resources */ = {isa = PBXBuildFile; fileRef = 21421F531EBA362F00B4B4A3 /* Assets.xcassets */; };
		21421F571EBA362F00B4B4A3 /* LaunchScreen.storyboard in Resources */ = {isa = PBXBuildFile; fileRef = 21421F551EBA362F00B4B4A3 /* LaunchScreen.storyboard */; };
		21421F621EBA362F00B4B4A3 /* BWECommerceTests.m in Sources */ = {isa = PBXBuildFile; fileRef = 21421F611EBA362F00B4B4A3 /* BWECommerceTests.m */; };
		21421F6D1EBA362F00B4B4A3 /* BWECommerceUITests.m in Sources */ = {isa = PBXBuildFile; fileRef = 21421F6C1EBA362F00B4B4A3 /* BWECommerceUITests.m */; };
		C703FA23E69DD34FF977871B /* libPods-BWECommerce.a in Frameworks */ = {isa = PBXBuildFile; fileRef = 69E4D26364499C70C4E0A9E9 /* libPods-BWECommerce.a */; };
/* End PBXBuildFile section */

/* Begin PBXContainerItemProxy section */
		21421F5E1EBA362F00B4B4A3 /* PBXContainerItemProxy */ = {
			isa = PBXContainerItemProxy;
			containerPortal = 21421F3C1EBA362E00B4B4A3 /* Project object */;
			proxyType = 1;
			remoteGlobalIDString = 21421F431EBA362E00B4B4A3;
			remoteInfo = BWECommerce;
		};
		21421F691EBA362F00B4B4A3 /* PBXContainerItemProxy */ = {
			isa = PBXContainerItemProxy;
			containerPortal = 21421F3C1EBA362E00B4B4A3 /* Project object */;
			proxyType = 1;
			remoteGlobalIDString = 21421F431EBA362E00B4B4A3;
			remoteInfo = BWECommerce;
		};
/* End PBXContainerItemProxy section */

/* Begin PBXFileReference section */
		21421F441EBA362F00B4B4A3 /* BWECommerce.app */ = {isa = PBXFileReference; explicitFileType = wrapper.application; includeInIndex = 0; path = BWECommerce.app; sourceTree = BUILT_PRODUCTS_DIR; };
		21421F481EBA362F00B4B4A3 /* main.m */ = {isa = PBXFileReference; lastKnownFileType = sourcecode.c.objc; path = main.m; sourceTree = "<group>"; };
		21421F4A1EBA362F00B4B4A3 /* AppDelegate.h */ = {isa = PBXFileReference; lastKnownFileType = sourcecode.c.h; path = AppDelegate.h; sourceTree = "<group>"; };
		21421F4B1EBA362F00B4B4A3 /* AppDelegate.m */ = {isa = PBXFileReference; lastKnownFileType = sourcecode.c.objc; path = AppDelegate.m; sourceTree = "<group>"; };
		21421F4D1EBA362F00B4B4A3 /* ViewController.h */ = {isa = PBXFileReference; lastKnownFileType = sourcecode.c.h; path = ViewController.h; sourceTree = "<group>"; };
		21421F4E1EBA362F00B4B4A3 /* ViewController.m */ = {isa = PBXFileReference; lastKnownFileType = sourcecode.c.objc; path = ViewController.m; sourceTree = "<group>"; };
		21421F511EBA362F00B4B4A3 /* Base */ = {isa = PBXFileReference; lastKnownFileType = file.storyboard; name = Base; path = Base.lproj/Main.storyboard; sourceTree = "<group>"; };
		21421F531EBA362F00B4B4A3 /* Assets.xcassets */ = {isa = PBXFileReference; lastKnownFileType = folder.assetcatalog; path = Assets.xcassets; sourceTree = "<group>"; };
		21421F561EBA362F00B4B4A3 /* Base */ = {isa = PBXFileReference; lastKnownFileType = file.storyboard; name = Base; path = Base.lproj/LaunchScreen.storyboard; sourceTree = "<group>"; };
		21421F581EBA362F00B4B4A3 /* Info.plist */ = {isa = PBXFileReference; lastKnownFileType = text.plist.xml; path = Info.plist; sourceTree = "<group>"; };
		21421F5D1EBA362F00B4B4A3 /* BWECommerceTests.xctest */ = {isa = PBXFileReference; explicitFileType = wrapper.cfbundle; includeInIndex = 0; path = BWECommerceTests.xctest; sourceTree = BUILT_PRODUCTS_DIR; };
		21421F611EBA362F00B4B4A3 /* BWECommerceTests.m */ = {isa = PBXFileReference; lastKnownFileType = sourcecode.c.objc; path = BWECommerceTests.m; sourceTree = "<group>"; };
		21421F631EBA362F00B4B4A3 /* Info.plist */ = {isa = PBXFileReference; lastKnownFileType = text.plist.xml; path = Info.plist; sourceTree = "<group>"; };
		21421F681EBA362F00B4B4A3 /* BWECommerceUITests.xctest */ = {isa = PBXFileReference; explicitFileType = wrapper.cfbundle; includeInIndex = 0; path = BWECommerceUITests.xctest; sourceTree = BUILT_PRODUCTS_DIR; };
		21421F6C1EBA362F00B4B4A3 /* BWECommerceUITests.m */ = {isa = PBXFileReference; lastKnownFileType = sourcecode.c.objc; path = BWECommerceUITests.m; sourceTree = "<group>"; };
		21421F6E1EBA362F00B4B4A3 /* Info.plist */ = {isa = PBXFileReference; lastKnownFileType = text.plist.xml; path = Info.plist; sourceTree = "<group>"; };
		69E4D26364499C70C4E0A9E9 /* libPods-BWECommerce.a */ = {isa = PBXFileReference; explicitFileType = archive.ar; includeInIndex = 0; path = "libPods-BWECommerce.a"; sourceTree = BUILT_PRODUCTS_DIR; };
		B9DE44447CDA7BC2F4B5DFD8 /* Pods-BWECommerce.debug.xcconfig */ = {isa = PBXFileReference; includeInIndex = 1; lastKnownFileType = text.xcconfig; name = "Pods-BWECommerce.debug.xcconfig"; path = "Pods/Target Support Files/Pods-BWECommerce/Pods-BWECommerce.debug.xcconfig"; sourceTree = "<group>"; };
		C29CB139C6FF6EAFF6D25ABA /* Pods-BWECommerce.release.xcconfig */ = {isa = PBXFileReference; includeInIndex = 1; lastKnownFileType = text.xcconfig; name = "Pods-BWECommerce.release.xcconfig"; path = "Pods/Target Support Files/Pods-BWECommerce/Pods-BWECommerce.release.xcconfig"; sourceTree = "<group>"; };
/* End PBXFileReference section */

/* Begin PBXFrameworksBuildPhase section */
		21421F411EBA362E00B4B4A3 /* Frameworks */ = {
			isa = PBXFrameworksBuildPhase;
			buildActionMask = 2147483647;
			files = (
				C703FA23E69DD34FF977871B /* libPods-BWECommerce.a in Frameworks */,
			);
			runOnlyForDeploymentPostprocessing = 0;
		};
		21421F5A1EBA362F00B4B4A3 /* Frameworks */ = {
			isa = PBXFrameworksBuildPhase;
			buildActionMask = 2147483647;
			files = (
			);
			runOnlyForDeploymentPostprocessing = 0;
		};
		21421F651EBA362F00B4B4A3 /* Frameworks */ = {
			isa = PBXFrameworksBuildPhase;
			buildActionMask = 2147483647;
			files = (
			);
			runOnlyForDeploymentPostprocessing = 0;
		};
/* End PBXFrameworksBuildPhase section */

/* Begin PBXGroup section */
		21421F3B1EBA362E00B4B4A3 = {
			isa = PBXGroup;
			children = (
				21421F461EBA362F00B4B4A3 /* BWECommerce */,
				21421F601EBA362F00B4B4A3 /* BWECommerceTests */,
				21421F6B1EBA362F00B4B4A3 /* BWECommerceUITests */,
				21421F451EBA362F00B4B4A3 /* Products */,
				E7D87A4FF364F15B6F6079A1 /* Pods */,
				3DF065582107AB285D570394 /* Frameworks */,
			);
			sourceTree = "<group>";
		};
		21421F451EBA362F00B4B4A3 /* Products */ = {
			isa = PBXGroup;
			children = (
				21421F441EBA362F00B4B4A3 /* BWECommerce.app */,
				21421F5D1EBA362F00B4B4A3 /* BWECommerceTests.xctest */,
				21421F681EBA362F00B4B4A3 /* BWECommerceUITests.xctest */,
			);
			name = Products;
			sourceTree = "<group>";
		};
		21421F461EBA362F00B4B4A3 /* BWECommerce */ = {
			isa = PBXGroup;
			children = (
				21421F4A1EBA362F00B4B4A3 /* AppDelegate.h */,
				21421F4B1EBA362F00B4B4A3 /* AppDelegate.m */,
				21421F4D1EBA362F00B4B4A3 /* ViewController.h */,
				21421F4E1EBA362F00B4B4A3 /* ViewController.m */,
				21421F501EBA362F00B4B4A3 /* Main.storyboard */,
				21421F531EBA362F00B4B4A3 /* Assets.xcassets */,
				21421F551EBA362F00B4B4A3 /* LaunchScreen.storyboard */,
				21421F581EBA362F00B4B4A3 /* Info.plist */,
				21421F471EBA362F00B4B4A3 /* Supporting Files */,
			);
			path = BWECommerce;
			sourceTree = "<group>";
		};
		21421F471EBA362F00B4B4A3 /* Supporting Files */ = {
			isa = PBXGroup;
			children = (
				21421F481EBA362F00B4B4A3 /* main.m */,
			);
			name = "Supporting Files";
			sourceTree = "<group>";
		};
		21421F601EBA362F00B4B4A3 /* BWECommerceTests */ = {
			isa = PBXGroup;
			children = (
				21421F611EBA362F00B4B4A3 /* BWECommerceTests.m */,
				21421F631EBA362F00B4B4A3 /* Info.plist */,
			);
			path = BWECommerceTests;
			sourceTree = "<group>";
		};
		21421F6B1EBA362F00B4B4A3 /* BWECommerceUITests */ = {
			isa = PBXGroup;
			children = (
				21421F6C1EBA362F00B4B4A3 /* BWECommerceUITests.m */,
				21421F6E1EBA362F00B4B4A3 /* Info.plist */,
			);
			path = BWECommerceUITests;
			sourceTree = "<group>";
		};
		3DF065582107AB285D570394 /* Frameworks */ = {
			isa = PBXGroup;
			children = (
				69E4D26364499C70C4E0A9E9 /* libPods-BWECommerce.a */,
			);
			name = Frameworks;
			sourceTree = "<group>";
		};
		E7D87A4FF364F15B6F6079A1 /* Pods */ = {
			isa = PBXGroup;
			children = (
				B9DE44447CDA7BC2F4B5DFD8 /* Pods-BWECommerce.debug.xcconfig */,
				C29CB139C6FF6EAFF6D25ABA /* Pods-BWECommerce.release.xcconfig */,
			);
			name = Pods;
			sourceTree = "<group>";
		};
/* End PBXGroup section */

/* Begin PBXNativeTarget section */
		21421F431EBA362E00B4B4A3 /* BWECommerce */ = {
			isa = PBXNativeTarget;
			buildConfigurationList = 21421F711EBA362F00B4B4A3 /* Build configuration list for PBXNativeTarget "BWECommerce" */;
			buildPhases = (
				B835D1CA7C23337358A5E96E /* [CP] Check Pods Manifest.lock */,
				21421F401EBA362E00B4B4A3 /* Sources */,
				21421F411EBA362E00B4B4A3 /* Frameworks */,
				21421F421EBA362E00B4B4A3 /* Resources */,
				6A8FFB531D3A140A724CB297 /* [CP] Embed Pods Frameworks */,
				5EFEC1143C24F0920CF23A72 /* [CP] Copy Pods Resources */,
			);
			buildRules = (
			);
			dependencies = (
			);
			name = BWECommerce;
			productName = BWECommerce;
			productReference = 21421F441EBA362F00B4B4A3 /* BWECommerce.app */;
			productType = "com.apple.product-type.application";
		};
		21421F5C1EBA362F00B4B4A3 /* BWECommerceTests */ = {
			isa = PBXNativeTarget;
			buildConfigurationList = 21421F741EBA362F00B4B4A3 /* Build configuration list for PBXNativeTarget "BWECommerceTests" */;
			buildPhases = (
				21421F591EBA362F00B4B4A3 /* Sources */,
				21421F5A1EBA362F00B4B4A3 /* Frameworks */,
				21421F5B1EBA362F00B4B4A3 /* Resources */,
			);
			buildRules = (
			);
			dependencies = (
				21421F5F1EBA362F00B4B4A3 /* PBXTargetDependency */,
			);
			name = BWECommerceTests;
			productName = BWECommerceTests;
			productReference = 21421F5D1EBA362F00B4B4A3 /* BWECommerceTests.xctest */;
			productType = "com.apple.product-type.bundle.unit-test";
		};
		21421F671EBA362F00B4B4A3 /* BWECommerceUITests */ = {
			isa = PBXNativeTarget;
			buildConfigurationList = 21421F771EBA362F00B4B4A3 /* Build configuration list for PBXNativeTarget "BWECommerceUITests" */;
			buildPhases = (
				21421F641EBA362F00B4B4A3 /* Sources */,
				21421F651EBA362F00B4B4A3 /* Frameworks */,
				21421F661EBA362F00B4B4A3 /* Resources */,
			);
			buildRules = (
			);
			dependencies = (
				21421F6A1EBA362F00B4B4A3 /* PBXTargetDependency */,
			);
			name = BWECommerceUITests;
			productName = BWECommerceUITests;
			productReference = 21421F681EBA362F00B4B4A3 /* BWECommerceUITests.xctest */;
			productType = "com.apple.product-type.bundle.ui-testing";
		};
/* End PBXNativeTarget section */

/* Begin PBXProject section */
		21421F3C1EBA362E00B4B4A3 /* Project object */ = {
			isa = PBXProject;
			attributes = {
				LastUpgradeCheck = 0810;
				ORGANIZATIONNAME = "Bob Wong Studio";
				TargetAttributes = {
					21421F431EBA362E00B4B4A3 = {
						CreatedOnToolsVersion = 8.1;
						DevelopmentTeam = V3E8GUFW32;
						ProvisioningStyle = Automatic;
					};
					21421F5C1EBA362F00B4B4A3 = {
						CreatedOnToolsVersion = 8.1;
						DevelopmentTeam = 5FC7UQ7KFZ;
						ProvisioningStyle = Automatic;
						TestTargetID = 21421F431EBA362E00B4B4A3;
					};
					21421F671EBA362F00B4B4A3 = {
						CreatedOnToolsVersion = 8.1;
						DevelopmentTeam = 5FC7UQ7KFZ;
						ProvisioningStyle = Automatic;
						TestTargetID = 21421F431EBA362E00B4B4A3;
					};
				};
			};
			buildConfigurationList = 21421F3F1EBA362E00B4B4A3 /* Build configuration list for PBXProject "BWECommerce" */;
			compatibilityVersion = "Xcode 3.2";
			developmentRegion = English;
			hasScannedForEncodings = 0;
			knownRegions = (
				en,
				Base,
			);
			mainGroup = 21421F3B1EBA362E00B4B4A3;
			productRefGroup = 21421F451EBA362F00B4B4A3 /* Products */;
			projectDirPath = "";
			projectRoot = "";
			targets = (
				21421F431EBA362E00B4B4A3 /* BWECommerce */,
				21421F5C1EBA362F00B4B4A3 /* BWECommerceTests */,
				21421F671EBA362F00B4B4A3 /* BWECommerceUITests */,
			);
		};
/* End PBXProject section */

/* Begin PBXResourcesBuildPhase section */
		21421F421EBA362E00B4B4A3 /* Resources */ = {
			isa = PBXResourcesBuildPhase;
			buildActionMask = 2147483647;
			files = (
				21421F571EBA362F00B4B4A3 /* LaunchScreen.storyboard in Resources */,
				21421F541EBA362F00B4B4A3 /* Assets.xcassets in Resources */,
				21421F521EBA362F00B4B4A3 /* Main.storyboard in Resources */,
			);
			runOnlyForDeploymentPostprocessing = 0;
		};
		21421F5B1EBA362F00B4B4A3 /* Resources */ = {
			isa = PBXResourcesBuildPhase;
			buildActionMask = 2147483647;
			files = (
			);
			runOnlyForDeploymentPostprocessing = 0;
		};
		21421F661EBA362F00B4B4A3 /* Resources */ = {
			isa = PBXResourcesBuildPhase;
			buildActionMask = 2147483647;
			files = (
			);
			runOnlyForDeploymentPostprocessing = 0;
		};
/* End PBXResourcesBuildPhase section */

/* Begin PBXShellScriptBuildPhase section */
		5EFEC1143C24F0920CF23A72 /* [CP] Copy Pods Resources */ = {
			isa = PBXShellScriptBuildPhase;
			buildActionMask = 2147483647;
			files = (
			);
			inputPaths = (
			);
			name = "[CP] Copy Pods Resources";
			outputPaths = (
			);
			runOnlyForDeploymentPostprocessing = 0;
			shellPath = /bin/sh;
			shellScript = "\"${SRCROOT}/Pods/Target Support Files/Pods-BWECommerce/Pods-BWECommerce-resources.sh\"\n";
			showEnvVarsInLog = 0;
		};
		6A8FFB531D3A140A724CB297 /* [CP] Embed Pods Frameworks */ = {
			isa = PBXShellScriptBuildPhase;
			buildActionMask = 2147483647;
			files = (
			);
			inputPaths = (
			);
			name = "[CP] Embed Pods Frameworks";
			outputPaths = (
			);
			runOnlyForDeploymentPostprocessing = 0;
			shellPath = /bin/sh;
			shellScript = "\"${SRCROOT}/Pods/Target Support Files/Pods-BWECommerce/Pods-BWECommerce-frameworks.sh\"\n";
			showEnvVarsInLog = 0;
		};
		B835D1CA7C23337358A5E96E /* [CP] Check Pods Manifest.lock */ = {
			isa = PBXShellScriptBuildPhase;
			buildActionMask = 2147483647;
			files = (
			);
			inputPaths = (
			);
			name = "[CP] Check Pods Manifest.lock";
			outputPaths = (
			);
			runOnlyForDeploymentPostprocessing = 0;
			shellPath = /bin/sh;
			shellScript = "diff \"${PODS_ROOT}/../Podfile.lock\" \"${PODS_ROOT}/Manifest.lock\" > /dev/null\nif [[ $? != 0 ]] ; then\n    cat << EOM\nerror: The sandbox is not in sync with the Podfile.lock. Run 'pod install' or update your CocoaPods installation.\nEOM\n    exit 1\nfi\n";
			showEnvVarsInLog = 0;
		};
/* End PBXShellScriptBuildPhase section */

/* Begin PBXSourcesBuildPhase section */
		21421F401EBA362E00B4B4A3 /* Sources */ = {
			isa = PBXSourcesBuildPhase;
			buildActionMask = 2147483647;
			files = (
				21421F4F1EBA362F00B4B4A3 /* ViewController.m in Sources */,
				21421F4C1EBA362F00B4B4A3 /* AppDelegate.m in Sources */,
				21421F491EBA362F00B4B4A3 /* main.m in Sources */,
			);
			runOnlyForDeploymentPostprocessing = 0;
		};
		21421F591EBA362F00B4B4A3 /* Sources */ = {
			isa = PBXSourcesBuildPhase;
			buildActionMask = 2147483647;
			files = (
				21421F621EBA362F00B4B4A3 /* BWECommerceTests.m in Sources */,
			);
			runOnlyForDeploymentPostprocessing = 0;
		};
		21421F641EBA362F00B4B4A3 /* Sources */ = {
			isa = PBXSourcesBuildPhase;
			buildActionMask = 2147483647;
			files = (
				21421F6D1EBA362F00B4B4A3 /* BWECommerceUITests.m in Sources */,
			);
			runOnlyForDeploymentPostprocessing = 0;
		};
/* End PBXSourcesBuildPhase section */

/* Begin PBXTargetDependency section */
		21421F5F1EBA362F00B4B4A3 /* PBXTargetDependency */ = {
			isa = PBXTargetDependency;
			target = 21421F431EBA362E00B4B4A3 /* BWECommerce */;
			targetProxy = 21421F5E1EBA362F00B4B4A3 /* PBXContainerItemProxy */;
		};
		21421F6A1EBA362F00B4B4A3 /* PBXTargetDependency */ = {
			isa = PBXTargetDependency;
			target = 21421F431EBA362E00B4B4A3 /* BWECommerce */;
			targetProxy = 21421F691EBA362F00B4B4A3 /* PBXContainerItemProxy */;
		};
/* End PBXTargetDependency section */

/* Begin PBXVariantGroup section */
		21421F501EBA362F00B4B4A3 /* Main.storyboard */ = {
			isa = PBXVariantGroup;
			children = (
				21421F511EBA362F00B4B4A3 /* Base */,
			);
			name = Main.storyboard;
			sourceTree = "<group>";
		};
		21421F551EBA362F00B4B4A3 /* LaunchScreen.storyboard */ = {
			isa = PBXVariantGroup;
			children = (
				21421F561EBA362F00B4B4A3 /* Base */,
			);
			name = LaunchScreen.storyboard;
			sourceTree = "<group>";
		};
/* End PBXVariantGroup section */

/* Begin XCBuildConfiguration section */
		21421F6F1EBA362F00B4B4A3 /* Debug */ = {
			isa = XCBuildConfiguration;
			buildSettings = {
				ALWAYS_SEARCH_USER_PATHS = NO;
				CLANG_ANALYZER_NONNULL = YES;
				CLANG_CXX_LANGUAGE_STANDARD = "gnu++0x";
				CLANG_CXX_LIBRARY = "libc++";
				CLANG_ENABLE_MODULES = YES;
				CLANG_ENABLE_OBJC_ARC = YES;
				CLANG_WARN_BOOL_CONVERSION = YES;
				CLANG_WARN_CONSTANT_CONVERSION = YES;
				CLANG_WARN_DIRECT_OBJC_ISA_USAGE = YES_ERROR;
				CLANG_WARN_DOCUMENTATION_COMMENTS = YES;
				CLANG_WARN_EMPTY_BODY = YES;
				CLANG_WARN_ENUM_CONVERSION = YES;
				CLANG_WARN_INFINITE_RECURSION = YES;
				CLANG_WARN_INT_CONVERSION = YES;
				CLANG_WARN_OBJC_ROOT_CLASS = YES_ERROR;
				CLANG_WARN_SUSPICIOUS_MOVES = YES;
				CLANG_WARN_UNREACHABLE_CODE = YES;
				CLANG_WARN__DUPLICATE_METHOD_MATCH = YES;
				"CODE_SIGN_IDENTITY[sdk=iphoneos*]" = "iPhone Developer";
				COPY_PHASE_STRIP = NO;
				DEBUG_INFORMATION_FORMAT = dwarf;
				ENABLE_STRICT_OBJC_MSGSEND = YES;
				ENABLE_TESTABILITY = YES;
				GCC_C_LANGUAGE_STANDARD = gnu99;
				GCC_DYNAMIC_NO_PIC = NO;
				GCC_NO_COMMON_BLOCKS = YES;
				GCC_OPTIMIZATION_LEVEL = 0;
				GCC_PREPROCESSOR_DEFINITIONS = (
					"DEBUG=1",
					"$(inherited)",
				);
				GCC_WARN_64_TO_32_BIT_CONVERSION = YES;
				GCC_WARN_ABOUT_RETURN_TYPE = YES_ERROR;
				GCC_WARN_UNDECLARED_SELECTOR = YES;
				GCC_WARN_UNINITIALIZED_AUTOS = YES_AGGRESSIVE;
				GCC_WARN_UNUSED_FUNCTION = YES;
				GCC_WARN_UNUSED_VARIABLE = YES;
				IPHONEOS_DEPLOYMENT_TARGET = 10.1;
				MTL_ENABLE_DEBUG_INFO = YES;
				ONLY_ACTIVE_ARCH = YES;
				SDKROOT = iphoneos;
			};
			name = Debug;
		};
		21421F701EBA362F00B4B4A3 /* Release */ = {
			isa = XCBuildConfiguration;
			buildSettings = {
				ALWAYS_SEARCH_USER_PATHS = NO;
				CLANG_ANALYZER_NONNULL = YES;
				CLANG_CXX_LANGUAGE_STANDARD = "gnu++0x";
				CLANG_CXX_LIBRARY = "libc++";
				CLANG_ENABLE_MODULES = YES;
				CLANG_ENABLE_OBJC_ARC = YES;
				CLANG_WARN_BOOL_CONVERSION = YES;
				CLANG_WARN_CONSTANT_CONVERSION = YES;
				CLANG_WARN_DIRECT_OBJC_ISA_USAGE = YES_ERROR;
				CLANG_WARN_DOCUMENTATION_COMMENTS = YES;
				CLANG_WARN_EMPTY_BODY = YES;
				CLANG_WARN_ENUM_CONVERSION = YES;
				CLANG_WARN_INFINITE_RECURSION = YES;
				CLANG_WARN_INT_CONVERSION = YES;
				CLANG_WARN_OBJC_ROOT_CLASS = YES_ERROR;
				CLANG_WARN_SUSPICIOUS_MOVES = YES;
				CLANG_WARN_UNREACHABLE_CODE = YES;
				CLANG_WARN__DUPLICATE_METHOD_MATCH = YES;
				"CODE_SIGN_IDENTITY[sdk=iphoneos*]" = "iPhone Developer";
				COPY_PHASE_STRIP = NO;
				DEBUG_INFORMATION_FORMAT = "dwarf-with-dsym";
				ENABLE_NS_ASSERTIONS = NO;
				ENABLE_STRICT_OBJC_MSGSEND = YES;
				GCC_C_LANGUAGE_STANDARD = gnu99;
				GCC_NO_COMMON_BLOCKS = YES;
				GCC_WARN_64_TO_32_BIT_CONVERSION = YES;
				GCC_WARN_ABOUT_RETURN_TYPE = YES_ERROR;
				GCC_WARN_UNDECLARED_SELECTOR = YES;
				GCC_WARN_UNINITIALIZED_AUTOS = YES_AGGRESSIVE;
				GCC_WARN_UNUSED_FUNCTION = YES;
				GCC_WARN_UNUSED_VARIABLE = YES;
				IPHONEOS_DEPLOYMENT_TARGET = 10.1;
				MTL_ENABLE_DEBUG_INFO = NO;
				SDKROOT = iphoneos;
				VALIDATE_PRODUCT = YES;
			};
			name = Release;
		};
		21421F721EBA362F00B4B4A3 /* Debug */ = {
			isa = XCBuildConfiguration;
			baseConfigurationReference = B9DE44447CDA7BC2F4B5DFD8 /* Pods-BWECommerce.debug.xcconfig */;
			buildSettings = {
				ASSETCATALOG_COMPILER_APPICON_NAME = AppIcon;
				DEVELOPMENT_TEAM = V3E8GUFW32;
				INFOPLIST_FILE = BWECommerce/Info.plist;
				LD_RUNPATH_SEARCH_PATHS = "$(inherited) @executable_path/Frameworks";
				PRODUCT_BUNDLE_IDENTIFIER = com.bws.BWECommerce;
				PRODUCT_NAME = "$(TARGET_NAME)";
			};
			name = Debug;
		};
		21421F731EBA362F00B4B4A3 /* Release */ = {
			isa = XCBuildConfiguration;
			baseConfigurationReference = C29CB139C6FF6EAFF6D25ABA /* Pods-BWECommerce.release.xcconfig */;
			buildSettings = {
				ASSETCATALOG_COMPILER_APPICON_NAME = AppIcon;
				DEVELOPMENT_TEAM = V3E8GUFW32;
				INFOPLIST_FILE = BWECommerce/Info.plist;
				LD_RUNPATH_SEARCH_PATHS = "$(inherited) @executable_path/Frameworks";
				PRODUCT_BUNDLE_IDENTIFIER = com.bws.BWECommerce;
				PRODUCT_NAME = "$(TARGET_NAME)";
			};
			name = Release;
		};
		21421F751EBA362F00B4B4A3 /* Debug */ = {
			isa = XCBuildConfiguration;
			buildSettings = {
				BUNDLE_LOADER = "$(TEST_HOST)";
				DEVELOPMENT_TEAM = 5FC7UQ7KFZ;
				INFOPLIST_FILE = BWECommerceTests/Info.plist;
				LD_RUNPATH_SEARCH_PATHS = "$(inherited) @executable_path/Frameworks @loader_path/Frameworks";
				PRODUCT_BUNDLE_IDENTIFIER = com.bws.BWECommerceTests;
				PRODUCT_NAME = "$(TARGET_NAME)";
				TEST_HOST = "$(BUILT_PRODUCTS_DIR)/BWECommerce.app/BWECommerce";
			};
			name = Debug;
		};
		21421F761EBA362F00B4B4A3 /* Release */ = {
			isa = XCBuildConfiguration;
			buildSettings = {
				BUNDLE_LOADER = "$(TEST_HOST)";
				DEVELOPMENT_TEAM = 5FC7UQ7KFZ;
				INFOPLIST_FILE = BWECommerceTests/Info.plist;
				LD_RUNPATH_SEARCH_PATHS = "$(inherited) @executable_path/Frameworks @loader_path/Frameworks";
				PRODUCT_BUNDLE_IDENTIFIER = com.bws.BWECommerceTests;
				PRODUCT_NAME = "$(TARGET_NAME)";
				TEST_HOST = "$(BUILT_PRODUCTS_DIR)/BWECommerce.app/BWECommerce";
			};
			name = Release;
		};
		21421F781EBA362F00B4B4A3 /* Debug */ = {
			isa = XCBuildConfiguration;
			buildSettings = {
				DEVELOPMENT_TEAM = 5FC7UQ7KFZ;
				INFOPLIST_FILE = BWECommerceUITests/Info.plist;
				LD_RUNPATH_SEARCH_PATHS = "$(inherited) @executable_path/Frameworks @loader_path/Frameworks";
				PRODUCT_BUNDLE_IDENTIFIER = com.bws.BWECommerceUITests;
				PRODUCT_NAME = "$(TARGET_NAME)";
				TEST_TARGET_NAME = BWECommerce;
			};
			name = Debug;
		};
		21421F791EBA362F00B4B4A3 /* Release */ = {
			isa = XCBuildConfiguration;
			buildSettings = {
				DEVELOPMENT_TEAM = 5FC7UQ7KFZ;
				INFOPLIST_FILE = BWECommerceUITests/Info.plist;
				LD_RUNPATH_SEARCH_PATHS = "$(inherited) @executable_path/Frameworks @loader_path/Frameworks";
				PRODUCT_BUNDLE_IDENTIFIER = com.bws.BWECommerceUITests;
				PRODUCT_NAME = "$(TARGET_NAME)";
				TEST_TARGET_NAME = BWECommerce;
			};
			name = Release;
		};
/* End XCBuildConfiguration section */

/* Begin XCConfigurationList section */
		21421F3F1EBA362E00B4B4A3 /* Build configuration list for PBXProject "BWECommerce" */ = {
			isa = XCConfigurationList;
			buildConfigurations = (
				21421F6F1EBA362F00B4B4A3 /* Debug */,
				21421F701EBA362F00B4B4A3 /* Release */,
			);
			defaultConfigurationIsVisible = 0;
			defaultConfigurationName = Release;
		};
		21421F711EBA362F00B4B4A3 /* Build configuration list for PBXNativeTarget "BWECommerce" */ = {
			isa = XCConfigurationList;
			buildConfigurations = (
				21421F721EBA362F00B4B4A3 /* Debug */,
				21421F731EBA362F00B4B4A3 /* Release */,
			);
			defaultConfigurationIsVisible = 0;
			defaultConfigurationName = Release;
		};
		21421F741EBA362F00B4B4A3 /* Build configuration list for PBXNativeTarget "BWECommerceTests" */ = {
			isa = XCConfigurationList;
			buildConfigurations = (
				21421F751EBA362F00B4B4A3 /* Debug */,
				21421F761EBA362F00B4B4A3 /* Release */,
			);
			defaultConfigurationIsVisible = 0;
			defaultConfigurationName = Release;
		};
		21421F771EBA362F00B4B4A3 /* Build configuration list for PBXNativeTarget "BWECommerceUITests" */ = {
			isa = XCConfigurationList;
			buildConfigurations = (
				21421F781EBA362F00B4B4A3 /* Debug */,
				21421F791EBA362F00B4B4A3 /* Release */,
			);
			defaultConfigurationIsVisible = 0;
			defaultConfigurationName = Release;
		};
/* End XCConfigurationList section */
	};
	rootObject = 21421F3C1EBA362E00B4B4A3 /* Project object */;
}
